
Microsoft Visual Studio Solution File, Format Version 12.00
# Visual Studio Version 17
VisualStudioVersion = 17.0.31606.5
MinimumVisualStudioVersion = 10.0.40219.1
Project("{FAE04EC0-301F-11D3-BF4B-00C04F79EFBC}") = "UselessUnitTestingExtensions", "UselessUnitTestingExtensions\UselessUnitTestingExtensions.csproj", "{39C7F9D3-A2FF-4938-BF34-96FDEEE193B9}"
EndProject
Project("{FAE04EC0-301F-11D3-BF4B-00C04F79EFBC}") = "UselessUnitTestingExtensions.NUnitTests", "UselessUnitTestingExtensions.NUnitTests\UselessUnitTestingExtensions.NUnitTests.csproj", "{B7E97355-C315-4BC5-A019-7622943ED158}"
EndProject
Global
	GlobalSection(SolutionConfigurationPlatforms) = preSolution
		Debug|Any CPU = Debug|Any CPU
		Release|Any CPU = Release|Any CPU
	EndGlobalSection
	GlobalSection(ProjectConfigurationPlatforms) = postSolution
		{39C7F9D3-A2FF-4938-BF34-96FDEEE193B9}.Debug|Any CPU.ActiveCfg = Debug|Any CPU
		{39C7F9D3-A2FF-4938-BF34-96FDEEE193B9}.Debug|Any CPU.Build.0 = Debug|Any CPU
		{39C7F9D3-A2FF-4938-BF34-96FDEEE193B9}.Release|Any CPU.ActiveCfg = Release|Any CPU
		{39C7F9D3-A2FF-4938-BF34-96FDEEE193B9}.Release|Any CPU.Build.0 = Release|Any CPU
		{B7E97355-C315-4BC5-A019-7622943ED158}.Debug|Any CPU.ActiveCfg = Debug|Any CPU
		{B7E97355-C315-4BC5-A019-7622943ED158}.Debug|Any CPU.Build.0 = Debug|Any CPU
		{B7E97355-C315-4BC5-A019-7622943ED158}.Release|Any CPU.ActiveCfg = Release|Any CPU
		{B7E97355-C315-4BC5-A019-7622943ED158}.Release|Any CPU.Build.0 = Release|Any CPU
	EndGlobalSection
	GlobalSection(SolutionProperties) = preSolution
		HideSolutionNode = FALSE
	EndGlobalSection
	GlobalSection(ExtensibilityGlobals) = postSolution
		SolutionGuid = {C82F1224-C119-4A35-9BF5-84EB6597CB47}
	EndGlobalSection
EndGlobal
